version: 6
environments:
  default:
    channels:
    - url: https://conda.anaconda.org/conda-forge/
    - url: https://prefix.dev/vidlg/
    packages:
      linux-64:
      - conda: https://conda.anaconda.org/conda-forge/linux-64/_libgcc_mutex-0.1-conda_forge.tar.bz2
      - conda: https://conda.anaconda.org/conda-forge/linux-64/_openmp_mutex-4.5-2_gnu.tar.bz2
      - conda: https://conda.anaconda.org/conda-forge/linux-64/boost-cpp-1.85.0-h3c6214e_4.conda
      - conda: https://conda.anaconda.org/conda-forge/linux-64/bzip2-1.0.8-h4bc722e_7.conda
      - conda: https://conda.anaconda.org/conda-forge/linux-64/c-ares-1.34.4-hb9d3cd8_0.conda
      - conda: https://conda.anaconda.org/conda-forge/linux-64/ca-certificates-2024.12.14-hbcca054_0.conda
      - conda: https://conda.anaconda.org/conda-forge/linux-64/cmake-3.31.2-h74e3db0_1.conda
      - conda: https://conda.anaconda.org/conda-forge/linux-64/cpp-argparse-3.1-h434a139_0.conda
      - conda: https://conda.anaconda.org/conda-forge/linux-64/cpptrace-0.7.4-hf9a8bcb_0.conda
      - conda: https://conda.anaconda.org/conda-forge/linux-64/curl-8.11.1-h332b0f4_0.conda
      - conda: https://conda.anaconda.org/conda-forge/linux-64/elfio-3.10-h80ffc5f_0.conda
      - conda: https://conda.anaconda.org/conda-forge/linux-64/fmt-11.0.2-h434a139_0.conda
      - conda: https://conda.anaconda.org/conda-forge/linux-64/git-2.47.1-pl5321h59d505e_0.conda
      - conda: https://conda.anaconda.org/conda-forge/linux-64/icu-75.1-he02047a_0.conda
      - conda: https://conda.anaconda.org/conda-forge/linux-64/inja-3.3.0-h9c3ff4c_0.tar.bz2
      - conda: https://conda.anaconda.org/conda-forge/linux-64/keyutils-1.6.1-h166bdaf_0.tar.bz2
      - conda: https://conda.anaconda.org/conda-forge/linux-64/krb5-1.21.3-h659f571_0.conda
      - conda: https://prefix.dev/vidlg/linux-64/libassert-2.1.3-hb0f4dca_1000.conda
      - conda: https://conda.anaconda.org/conda-forge/linux-64/libboost-1.85.0-h0ccab89_4.conda
      - conda: https://conda.anaconda.org/conda-forge/linux-64/libboost-devel-1.85.0-h00ab1b0_4.conda
      - conda: https://conda.anaconda.org/conda-forge/linux-64/libboost-headers-1.85.0-ha770c72_4.conda
      - conda: https://conda.anaconda.org/conda-forge/linux-64/libcurl-8.11.1-h332b0f4_0.conda
      - conda: https://conda.anaconda.org/conda-forge/linux-64/libdwarf-0.11.1-hc40aed0_0.conda
      - conda: https://conda.anaconda.org/conda-forge/linux-64/libedit-3.1.20191231-he28a2e2_2.tar.bz2
      - conda: https://conda.anaconda.org/conda-forge/linux-64/libev-4.33-hd590300_2.conda
      - conda: https://conda.anaconda.org/conda-forge/linux-64/libexpat-2.6.4-h5888daf_0.conda
      - conda: https://conda.anaconda.org/conda-forge/linux-64/libgcc-14.2.0-h77fa898_1.conda
      - conda: https://conda.anaconda.org/conda-forge/linux-64/libgcc-ng-14.2.0-h69a702a_1.conda
      - conda: https://conda.anaconda.org/conda-forge/linux-64/libgomp-14.2.0-h77fa898_1.conda
      - conda: https://conda.anaconda.org/conda-forge/linux-64/libiconv-1.17-hd590300_2.conda
      - conda: https://conda.anaconda.org/conda-forge/linux-64/liblzma-5.6.3-hb9d3cd8_1.conda
      - conda: https://conda.anaconda.org/conda-forge/linux-64/liblzma-devel-5.6.3-hb9d3cd8_1.conda
      - conda: https://conda.anaconda.org/conda-forge/linux-64/libnghttp2-1.64.0-h161d5f1_0.conda
      - conda: https://conda.anaconda.org/conda-forge/linux-64/libssh2-1.11.1-hf672d98_0.conda
      - conda: https://conda.anaconda.org/conda-forge/linux-64/libstdcxx-14.2.0-hc0a3c3a_1.conda
      - conda: https://conda.anaconda.org/conda-forge/linux-64/libstdcxx-ng-14.2.0-h4852527_1.conda
      - conda: https://conda.anaconda.org/conda-forge/linux-64/libuv-1.49.2-hb9d3cd8_0.conda
      - conda: https://conda.anaconda.org/conda-forge/linux-64/libxcrypt-4.4.36-hd590300_1.conda
      - conda: https://conda.anaconda.org/conda-forge/linux-64/libzlib-1.3.1-hb9d3cd8_2.conda
      - conda: https://conda.anaconda.org/conda-forge/linux-64/mimalloc-2.1.7-hac33072_0.conda
      - conda: https://conda.anaconda.org/conda-forge/linux-64/ncurses-6.5-he02047a_1.conda
      - conda: https://conda.anaconda.org/conda-forge/linux-64/ninja-1.12.1-h297d8ca_0.conda
      - conda: https://conda.anaconda.org/conda-forge/linux-64/nlohmann_json-3.11.3-he02047a_1.conda
      - conda: https://conda.anaconda.org/conda-forge/linux-64/openssl-3.4.0-hb9d3cd8_0.conda
      - conda: https://conda.anaconda.org/conda-forge/linux-64/pcre2-10.44-hba22ea6_2.conda
      - conda: https://conda.anaconda.org/conda-forge/linux-64/perl-5.32.1-7_hd590300_perl5.conda
      - conda: https://conda.anaconda.org/conda-forge/linux-64/python_abi-3.10-5_cp310.conda
      - conda: https://conda.anaconda.org/conda-forge/linux-64/rhash-1.4.5-hb9d3cd8_0.conda
      - conda: https://conda.anaconda.org/conda-forge/linux-64/tar-1.34-hb2e2bae_1.tar.bz2
      - conda: https://conda.anaconda.org/conda-forge/linux-64/unzip-6.0-h7f98852_3.tar.bz2
      - conda: https://conda.anaconda.org/conda-forge/linux-64/vcpkg-2023.04.15-ha770c72_2.conda
      - conda: https://conda.anaconda.org/conda-forge/linux-64/vcpkg-tool-2023.03.14-hcb278e6_0.conda
      - conda: https://conda.anaconda.org/conda-forge/linux-64/xz-5.6.3-hbcc6ac9_1.conda
      - conda: https://conda.anaconda.org/conda-forge/linux-64/xz-gpl-tools-5.6.3-hbcc6ac9_1.conda
      - conda: https://conda.anaconda.org/conda-forge/linux-64/xz-tools-5.6.3-hb9d3cd8_1.conda
      - conda: https://conda.anaconda.org/conda-forge/linux-64/zstd-1.5.6-ha6fb4c9_0.conda
packages:
- conda: https://conda.anaconda.org/conda-forge/linux-64/_libgcc_mutex-0.1-conda_forge.tar.bz2
  sha256: fe51de6107f9edc7aa4f786a70f4a883943bc9d39b3bb7307c04c41410990726
  md5: d7c89558ba9fa0495403155b64376d81
  license: None
  size: 2562
  timestamp: 1578324546067
- conda: https://conda.anaconda.org/conda-forge/linux-64/_openmp_mutex-4.5-2_gnu.tar.bz2
  build_number: 16
  sha256: fbe2c5e56a653bebb982eda4876a9178aedfc2b545f25d0ce9c4c0b508253d22
  md5: 73aaf86a425cc6e73fcf236a5a46396d
  depends:
  - _libgcc_mutex 0.1 conda_forge
  - libgomp >=7.5.0
  constrains:
  - openmp_impl 9999
  license: BSD-3-Clause
  license_family: BSD
  size: 23621
  timestamp: 1650670423406
- conda: https://conda.anaconda.org/conda-forge/linux-64/boost-cpp-1.85.0-h3c6214e_4.conda
  sha256: dec1f52d8869b94a9cb2b4d9a727a00ae2c54e7b5a66a51d3d9f1c33159ebb45
  md5: cc4533eabf5caa8b4fbb56418d1617a9
  depends:
  - bzip2 >=1.0.8,<2.0a0
  - icu >=75.1,<76.0a0
  - libboost-devel 1.85.0 h00ab1b0_4
  - libzlib >=1.3.1,<2.0a0
  - xz >=5.2.6,<6.0a0
  - zstd >=1.5.6,<1.6.0a0
  license: BSL-1.0
  size: 18122
  timestamp: 1722289881184
- conda: https://conda.anaconda.org/conda-forge/linux-64/bzip2-1.0.8-h4bc722e_7.conda
  sha256: 5ced96500d945fb286c9c838e54fa759aa04a7129c59800f0846b4335cee770d
  md5: 62ee74e96c5ebb0af99386de58cf9553
  depends:
  - __glibc >=2.17,<3.0.a0
  - libgcc-ng >=12
  license: bzip2-1.0.6
  license_family: BSD
  size: 252783
  timestamp: 1720974456583
- conda: https://conda.anaconda.org/conda-forge/linux-64/c-ares-1.34.4-hb9d3cd8_0.conda
  sha256: d4f28d87b6339b94f74762c0076e29c8ef8ddfff51a564a92da2843573c18320
  md5: e2775acf57efd5af15b8e3d1d74d72d3
  depends:
  - __glibc >=2.17,<3.0.a0
  - libgcc >=13
  license: MIT
  license_family: MIT
  size: 206085
  timestamp: 1734208189009
- conda: https://conda.anaconda.org/conda-forge/linux-64/ca-certificates-2024.12.14-hbcca054_0.conda
  sha256: 1afd7274cbc9a334d6d0bc62fa760acc7afdaceb0b91a8df370ec01fd75dc7dd
  md5: 720523eb0d6a9b0f6120c16b2aa4e7de
  license: ISC
  size: 157088
  timestamp: 1734208393264
- conda: https://conda.anaconda.org/conda-forge/linux-64/cmake-3.31.2-h74e3db0_1.conda
  sha256: 54f3b2bd429dafc3e0a705484850aa17327a36d40c17729106d69a88720d8772
  md5: 105c089608d7f3e6ab73b1b27bda6888
  depends:
  - __glibc >=2.17,<3.0.a0
  - bzip2 >=1.0.8,<2.0a0
  - libcurl >=8.10.1,<9.0a0
  - libexpat >=2.6.4,<3.0a0
  - libgcc >=13
  - liblzma >=5.6.3,<6.0a0
  - libstdcxx >=13
  - libuv >=1.49.2,<2.0a0
  - libzlib >=1.3.1,<2.0a0
  - ncurses >=6.5,<7.0a0
  - rhash >=1.4.5,<2.0a0
  - zstd >=1.5.6,<1.6.0a0
  license: BSD-3-Clause
  license_family: BSD
  size: 20410648
  timestamp: 1733930194467
- conda: https://conda.anaconda.org/conda-forge/linux-64/cpp-argparse-3.1-h434a139_0.conda
  sha256: 1cc414304270fd67d5ba04a7620e24209d144e7a59b8a91673f51174184e79e4
  md5: 38086c61da962c6b23608b2da5255217
  depends:
  - __glibc >=2.17,<3.0.a0
  - libgcc-ng >=12
  - libstdcxx-ng >=12
  license: MIT
  license_family: MIT
  size: 24889
  timestamp: 1721319818214
- conda: https://conda.anaconda.org/conda-forge/linux-64/cpptrace-0.7.4-hf9a8bcb_0.conda
  sha256: 54e6849e6056450ef8e8d45618746555c8e59f4fbb7ba0aadbb512090ed1e361
  md5: b632c56608df2d05be0f3629f3f1b02d
  depends:
  - __glibc >=2.17,<3.0.a0
  - libdwarf >=0.11.1,<1.0a0
  - libgcc >=13
  - libstdcxx >=13
  - libzlib >=1.3.1,<2.0a0
  license: MIT
  license_family: MIT
  size: 118373
  timestamp: 1734830809790
- conda: https://conda.anaconda.org/conda-forge/linux-64/curl-8.11.1-h332b0f4_0.conda
  sha256: 0da389e44ca04eaf771a2e27a8947dd579d1731b7a8547ad109cfb9e721bd4f2
  md5: 9c98125f90f27bb93bec0cfc9df9a745
  depends:
  - __glibc >=2.17,<3.0.a0
  - krb5 >=1.21.3,<1.22.0a0
  - libcurl 8.11.1 h332b0f4_0
  - libgcc >=13
  - libssh2 >=1.11.1,<2.0a0
  - libzlib >=1.3.1,<2.0a0
  - openssl >=3.4.0,<4.0a0
  - zstd >=1.5.6,<1.6.0a0
  license: curl
  license_family: MIT
  size: 174652
  timestamp: 1733999910764
- conda: https://conda.anaconda.org/conda-forge/linux-64/elfio-3.10-h80ffc5f_0.conda
  sha256: 66a0c5a41ccdfe7d9a02ea904a9c03b2a8dad91194b28e969a00d6e7f84b889d
  md5: a98e457488d5cba557a27353b242c91c
  depends:
  - libgcc-ng >=12
  - libstdcxx-ng >=12
  license: MIT
  license_family: MIT
  size: 45049
  timestamp: 1693426743085
- conda: https://conda.anaconda.org/conda-forge/linux-64/fmt-11.0.2-h434a139_0.conda
  sha256: c620e2ab084948985ae9b8848d841f603e8055655513340e04b6cf129099b5ca
  md5: 995f7e13598497691c1dc476d889bc04
  depends:
  - __glibc >=2.17,<3.0.a0
  - libgcc-ng >=12
  - libstdcxx-ng >=12
  license: MIT
  license_family: MIT
  size: 198533
  timestamp: 1723046725112
- conda: https://conda.anaconda.org/conda-forge/linux-64/git-2.47.1-pl5321h59d505e_0.conda
  sha256: 548008002931bd7152a27f135ec58df7a9fdb3c97e955613af48c4f80310b4e2
  md5: 3b7a5e35dd484e8de87522b63f7daf15
  depends:
  - __glibc >=2.17,<3.0.a0
  - libcurl >=8.10.1,<9.0a0
  - libexpat >=2.6.4,<3.0a0
  - libgcc >=13
  - libiconv >=1.17,<2.0a0
  - libzlib >=1.3.1,<2.0a0
  - openssl >=3.4.0,<4.0a0
  - pcre2 >=10.44,<10.45.0a0
  - perl 5.*
  license: GPL-2.0-or-later and LGPL-2.1-or-later
  size: 10551592
  timestamp: 1732611733959
- conda: https://conda.anaconda.org/conda-forge/linux-64/icu-75.1-he02047a_0.conda
  sha256: 71e750d509f5fa3421087ba88ef9a7b9be11c53174af3aa4d06aff4c18b38e8e
  md5: 8b189310083baabfb622af68fd9d3ae3
  depends:
  - __glibc >=2.17,<3.0.a0
  - libgcc-ng >=12
  - libstdcxx-ng >=12
  license: MIT
  license_family: MIT
  size: 12129203
  timestamp: 1720853576813
- conda: https://conda.anaconda.org/conda-forge/linux-64/inja-3.3.0-h9c3ff4c_0.tar.bz2
  sha256: e3f914812b5d0755bc086b9e63cb8f0197f14745f6476ed541e1b53e32add137
  md5: 835e593e58ecefa225ae3d92b4bc3ffc
  depends:
  - libgcc-ng >=9.4.0
  - libstdcxx-ng >=9.4.0
  - nlohmann_json >=3.8.0
  license: MIT
  license_family: MIT
  size: 29710
  timestamp: 1629212542879
- conda: https://conda.anaconda.org/conda-forge/linux-64/keyutils-1.6.1-h166bdaf_0.tar.bz2
  sha256: 150c05a6e538610ca7c43beb3a40d65c90537497a4f6a5f4d15ec0451b6f5ebb
  md5: 30186d27e2c9fa62b45fb1476b7200e3
  depends:
  - libgcc-ng >=10.3.0
  license: LGPL-2.1-or-later
  size: 117831
  timestamp: 1646151697040
- conda: https://conda.anaconda.org/conda-forge/linux-64/krb5-1.21.3-h659f571_0.conda
  sha256: 99df692f7a8a5c27cd14b5fb1374ee55e756631b9c3d659ed3ee60830249b238
  md5: 3f43953b7d3fb3aaa1d0d0723d91e368
  depends:
  - keyutils >=1.6.1,<2.0a0
  - libedit >=3.1.20191231,<3.2.0a0
  - libedit >=3.1.20191231,<4.0a0
  - libgcc-ng >=12
  - libstdcxx-ng >=12
  - openssl >=3.3.1,<4.0a0
  license: MIT
  license_family: MIT
  size: 1370023
  timestamp: 1719463201255
- conda: https://prefix.dev/vidlg/linux-64/libassert-2.1.3-hb0f4dca_1000.conda
  sha256: 78b6e20bc8dfe741dd9e9e74606316882423fa5209f0892044d5e80ff0760f83
  depends:
  - libstdcxx >=14
  - libgcc >=14
  - cpptrace >=0.7.4,<0.7.5.0a0
  license: MIT
  size: 185241
  timestamp: 1735632607350
- conda: https://conda.anaconda.org/conda-forge/linux-64/libboost-1.85.0-h0ccab89_4.conda
  sha256: dc19dfc636c363871763384219269ce6a027fcf3831f17e018caeecb2ffbb20a
  md5: 4da1690badd566fc1041f91cd5655727
  depends:
  - __glibc >=2.17,<3.0.a0
  - bzip2 >=1.0.8,<2.0a0
  - icu >=75.1,<76.0a0
  - libgcc-ng >=12
  - libstdcxx-ng >=12
  - libzlib >=1.3.1,<2.0a0
  - xz >=5.2.6,<6.0a0
  - zstd >=1.5.6,<1.6.0a0
  constrains:
  - boost-cpp =1.85.0
  license: BSL-1.0
  size: 2869710
  timestamp: 1722289756758
- conda: https://conda.anaconda.org/conda-forge/linux-64/libboost-devel-1.85.0-h00ab1b0_4.conda
  sha256: 04ec5a59e87d75cf6f8b539493f7f71c0cca3f50976251895f51da45e39cddf7
  md5: ded76b8670cb505006c891c4d45844a5
  depends:
  - libboost 1.85.0 h0ccab89_4
  - libboost-headers 1.85.0 ha770c72_4
  constrains:
  - boost-cpp =1.85.0
  license: BSL-1.0
  size: 40881
  timestamp: 1722289871820
- conda: https://conda.anaconda.org/conda-forge/linux-64/libboost-headers-1.85.0-ha770c72_4.conda
  sha256: 55aa2ac604bd7ed76fae0c93698d37aae455ca2fb229ff9aa45e085ff7ad48ec
  md5: 00e4848983222729ccb7c69f1039f4b9
  constrains:
  - boost-cpp =1.85.0
  license: BSL-1.0
  size: 13961521
  timestamp: 1722289776587
- conda: https://conda.anaconda.org/conda-forge/linux-64/libcurl-8.11.1-h332b0f4_0.conda
  sha256: 3cd4075b2a7b5562e46c8ec626f6f9ca57aeecaa94ff7df57eca26daa94c9906
  md5: 2b3e0081006dc21e8bf53a91c83a055c
  depends:
  - __glibc >=2.17,<3.0.a0
  - krb5 >=1.21.3,<1.22.0a0
  - libgcc >=13
  - libnghttp2 >=1.64.0,<2.0a0
  - libssh2 >=1.11.1,<2.0a0
  - libzlib >=1.3.1,<2.0a0
  - openssl >=3.4.0,<4.0a0
  - zstd >=1.5.6,<1.6.0a0
  license: curl
  license_family: MIT
  size: 423011
  timestamp: 1733999897624
- conda: https://conda.anaconda.org/conda-forge/linux-64/libdwarf-0.11.1-hc40aed0_0.conda
  sha256: 458568049f9b3d529bb1af2f88c6c34c493819a646bb9e2dbe8402ba5846718f
  md5: 7e5a91e2506967be6ee7d7e15354d025
  depends:
  - __glibc >=2.17,<3.0.a0
  - libgcc >=13
  - libzlib >=1.3.1,<2.0a0
  - zstd >=1.5.6,<1.6.0a0
  license: LGPL-2.1-only
  license_family: GPL
  size: 236368
  timestamp: 1733939168653
- conda: https://conda.anaconda.org/conda-forge/linux-64/libedit-3.1.20191231-he28a2e2_2.tar.bz2
  sha256: a57d37c236d8f7c886e01656f4949d9dcca131d2a0728609c6f7fa338b65f1cf
  md5: 4d331e44109e3f0e19b4cb8f9b82f3e1
  depends:
  - libgcc-ng >=7.5.0
  - ncurses >=6.2,<7.0.0a0
  license: BSD-2-Clause
  license_family: BSD
  size: 123878
  timestamp: 1597616541093
- conda: https://conda.anaconda.org/conda-forge/linux-64/libev-4.33-hd590300_2.conda
  sha256: 1cd6048169fa0395af74ed5d8f1716e22c19a81a8a36f934c110ca3ad4dd27b4
  md5: 172bf1cd1ff8629f2b1179945ed45055
  depends:
  - libgcc-ng >=12
  license: BSD-2-Clause
  license_family: BSD
  size: 112766
  timestamp: 1702146165126
- conda: https://conda.anaconda.org/conda-forge/linux-64/libexpat-2.6.4-h5888daf_0.conda
  sha256: 56541b98447b58e52d824bd59d6382d609e11de1f8adf20b23143e353d2b8d26
  md5: db833e03127376d461e1e13e76f09b6c
  depends:
  - __glibc >=2.17,<3.0.a0
  - libgcc >=13
  constrains:
  - expat 2.6.4.*
  license: MIT
  license_family: MIT
  size: 73304
  timestamp: 1730967041968
- conda: https://conda.anaconda.org/conda-forge/linux-64/libgcc-14.2.0-h77fa898_1.conda
  sha256: 53eb8a79365e58849e7b1a068d31f4f9e718dc938d6f2c03e960345739a03569
  md5: 3cb76c3f10d3bc7f1105b2fc9db984df
  depends:
  - _libgcc_mutex 0.1 conda_forge
  - _openmp_mutex >=4.5
  constrains:
  - libgomp 14.2.0 h77fa898_1
  - libgcc-ng ==14.2.0=*_1
  license: GPL-3.0-only WITH GCC-exception-3.1
  license_family: GPL
  size: 848745
  timestamp: 1729027721139
- conda: https://conda.anaconda.org/conda-forge/linux-64/libgcc-ng-14.2.0-h69a702a_1.conda
  sha256: 3a76969c80e9af8b6e7a55090088bc41da4cffcde9e2c71b17f44d37b7cb87f7
  md5: e39480b9ca41323497b05492a63bc35b
  depends:
  - libgcc 14.2.0 h77fa898_1
  license: GPL-3.0-only WITH GCC-exception-3.1
  license_family: GPL
  size: 54142
  timestamp: 1729027726517
- conda: https://conda.anaconda.org/conda-forge/linux-64/libgomp-14.2.0-h77fa898_1.conda
  sha256: 1911c29975ec99b6b906904040c855772ccb265a1c79d5d75c8ceec4ed89cd63
  md5: cc3573974587f12dda90d96e3e55a702
  depends:
  - _libgcc_mutex 0.1 conda_forge
  license: GPL-3.0-only WITH GCC-exception-3.1
  license_family: GPL
  size: 460992
  timestamp: 1729027639220
- conda: https://conda.anaconda.org/conda-forge/linux-64/libiconv-1.17-hd590300_2.conda
  sha256: 8ac2f6a9f186e76539439e50505d98581472fedb347a20e7d1f36429849f05c9
  md5: d66573916ffcf376178462f1b61c941e
  depends:
  - libgcc-ng >=12
  license: LGPL-2.1-only
  size: 705775
  timestamp: 1702682170569
- conda: https://conda.anaconda.org/conda-forge/linux-64/liblzma-5.6.3-hb9d3cd8_1.conda
  sha256: e6e425252f3839e2756e4af1ea2074dffd3396c161bf460629f9dfd6a65f15c6
  md5: 2ecf2f1c7e4e21fcfe6423a51a992d84
  depends:
  - __glibc >=2.17,<3.0.a0
  - libgcc >=13
  license: 0BSD
  size: 111132
  timestamp: 1733407410083
- conda: https://conda.anaconda.org/conda-forge/linux-64/liblzma-devel-5.6.3-hb9d3cd8_1.conda
  sha256: ca17f037a0a7137874597866a171166677e4812a9a8a853007f0f582e3ff6d1d
  md5: cc4687e1814ed459f3bd6d8e05251ab2
  depends:
  - __glibc >=2.17,<3.0.a0
  - libgcc >=13
  - liblzma 5.6.3 hb9d3cd8_1
  license: 0BSD
  size: 376794
  timestamp: 1733407421190
- conda: https://conda.anaconda.org/conda-forge/linux-64/libnghttp2-1.64.0-h161d5f1_0.conda
  sha256: b0f2b3695b13a989f75d8fd7f4778e1c7aabe3b36db83f0fe80b2cd812c0e975
  md5: 19e57602824042dfd0446292ef90488b
  depends:
  - __glibc >=2.17,<3.0.a0
  - c-ares >=1.32.3,<2.0a0
  - libev >=4.33,<4.34.0a0
  - libev >=4.33,<5.0a0
  - libgcc >=13
  - libstdcxx >=13
  - libzlib >=1.3.1,<2.0a0
  - openssl >=3.3.2,<4.0a0
  license: MIT
  license_family: MIT
  size: 647599
  timestamp: 1729571887612
- conda: https://conda.anaconda.org/conda-forge/linux-64/libssh2-1.11.1-hf672d98_0.conda
  sha256: 0407ac9fda2bb67e11e357066eff144c845801d00b5f664efbc48813af1e7bb9
  md5: be2de152d8073ef1c01b7728475f2fe7
  depends:
  - __glibc >=2.17,<3.0.a0
  - libgcc >=13
  - libzlib >=1.3.1,<2.0a0
  - openssl >=3.4.0,<4.0a0
  license: BSD-3-Clause
  license_family: BSD
  size: 304278
  timestamp: 1732349402869
- conda: https://conda.anaconda.org/conda-forge/linux-64/libstdcxx-14.2.0-hc0a3c3a_1.conda
  sha256: 4661af0eb9bdcbb5fb33e5d0023b001ad4be828fccdcc56500059d56f9869462
  md5: 234a5554c53625688d51062645337328
  depends:
  - libgcc 14.2.0 h77fa898_1
  license: GPL-3.0-only WITH GCC-exception-3.1
  license_family: GPL
  size: 3893695
  timestamp: 1729027746910
- conda: https://conda.anaconda.org/conda-forge/linux-64/libstdcxx-ng-14.2.0-h4852527_1.conda
  sha256: 25bb30b827d4f6d6f0522cc0579e431695503822f144043b93c50237017fffd8
  md5: 8371ac6457591af2cf6159439c1fd051
  depends:
  - libstdcxx 14.2.0 hc0a3c3a_1
  license: GPL-3.0-only WITH GCC-exception-3.1
  license_family: GPL
  size: 54105
  timestamp: 1729027780628
- conda: https://conda.anaconda.org/conda-forge/linux-64/libuv-1.49.2-hb9d3cd8_0.conda
  sha256: a35cd81cd1a9add11024097da83cc06b0aae83186fe4124b77710876f37d8f31
  md5: 070e3c9ddab77e38799d5c30b109c633
  depends:
  - __glibc >=2.17,<3.0.a0
  - libgcc >=13
  license: MIT
  license_family: MIT
  size: 884647
  timestamp: 1729322566955
- conda: https://conda.anaconda.org/conda-forge/linux-64/libxcrypt-4.4.36-hd590300_1.conda
  sha256: 6ae68e0b86423ef188196fff6207ed0c8195dd84273cb5623b85aa08033a410c
  md5: 5aa797f8787fe7a17d1b0821485b5adc
  depends:
  - libgcc-ng >=12
  license: LGPL-2.1-or-later
  size: 100393
  timestamp: 1702724383534
- conda: https://conda.anaconda.org/conda-forge/linux-64/libzlib-1.3.1-hb9d3cd8_2.conda
  sha256: d4bfe88d7cb447768e31650f06257995601f89076080e76df55e3112d4e47dc4
  md5: edb0dca6bc32e4f4789199455a1dbeb8
  depends:
  - __glibc >=2.17,<3.0.a0
  - libgcc >=13
  constrains:
  - zlib 1.3.1 *_2
  license: Zlib
  license_family: Other
  size: 60963
  timestamp: 1727963148474
- conda: https://conda.anaconda.org/conda-forge/linux-64/mimalloc-2.1.7-hac33072_0.conda
  sha256: 2d674ce23c782dc5911a0681442d137ca0fed357ad8c86d7d4299be5982c9068
  md5: 96cfdadf13670fc9f8e95eba441a2701
  depends:
  - libgcc-ng >=12
  - libstdcxx-ng >=12
  license: MIT
  license_family: MIT
  size: 78385
  timestamp: 1716552401566
- conda: https://conda.anaconda.org/conda-forge/linux-64/ncurses-6.5-he02047a_1.conda
  sha256: 6a1d5d8634c1a07913f1c525db6455918cbc589d745fac46d9d6e30340c8731a
  md5: 70caf8bb6cf39a0b6b7efc885f51c0fe
  depends:
  - __glibc >=2.17,<3.0.a0
  - libgcc-ng >=12
  license: X11 AND BSD-3-Clause
  size: 889086
  timestamp: 1724658547447
- conda: https://conda.anaconda.org/conda-forge/linux-64/ninja-1.12.1-h297d8ca_0.conda
  sha256: 40f7b76b07067935f8a5886aab0164067b7aa71eb5ad20b7278618c0c2c98e06
  md5: 3aa1c7e292afeff25a0091ddd7c69b72
  depends:
  - libgcc-ng >=12
  - libstdcxx-ng >=12
  license: Apache-2.0
  license_family: Apache
  size: 2198858
  timestamp: 1715440571685
- conda: https://conda.anaconda.org/conda-forge/linux-64/nlohmann_json-3.11.3-he02047a_1.conda
  sha256: ce4bcced4f8eea71b7cac8bc3daac097abf7a5792f278cd811dedada199500c1
  md5: e46f7ac4917215b49df2ea09a694a3fa
  depends:
  - __glibc >=2.17,<3.0.a0
  - libgcc-ng >=12
  - libstdcxx-ng >=12
  license: MIT
  license_family: MIT
  size: 122743
  timestamp: 1723652407663
- conda: https://conda.anaconda.org/conda-forge/linux-64/openssl-3.4.0-hb9d3cd8_0.conda
  sha256: 814b9dff1847b132c676ee6cc1a8cb2d427320779b93e1b6d76552275c128705
  md5: 23cc74f77eb99315c0360ec3533147a9
  depends:
  - __glibc >=2.17,<3.0.a0
  - ca-certificates
  - libgcc >=13
  license: Apache-2.0
  license_family: Apache
  size: 2947466
  timestamp: 1731377666602
- conda: https://conda.anaconda.org/conda-forge/linux-64/pcre2-10.44-hba22ea6_2.conda
  sha256: 1087716b399dab91cc9511d6499036ccdc53eb29a288bebcb19cf465c51d7c0d
  md5: df359c09c41cd186fffb93a2d87aa6f5
  depends:
  - __glibc >=2.17,<3.0.a0
  - bzip2 >=1.0.8,<2.0a0
  - libgcc-ng >=12
  - libzlib >=1.3.1,<2.0a0
  license: BSD-3-Clause
  license_family: BSD
  size: 952308
  timestamp: 1723488734144
- conda: https://conda.anaconda.org/conda-forge/linux-64/perl-5.32.1-7_hd590300_perl5.conda
  build_number: 7
  sha256: 9ec32b6936b0e37bcb0ed34f22ec3116e75b3c0964f9f50ecea5f58734ed6ce9
  md5: f2cfec9406850991f4e3d960cc9e3321
  depends:
  - libgcc-ng >=12
  - libxcrypt >=4.4.36
  license: GPL-1.0-or-later OR Artistic-1.0-Perl
  size: 13344463
  timestamp: 1703310653947
- conda: https://conda.anaconda.org/conda-forge/linux-64/python_abi-3.10-5_cp310.conda
  build_number: 5
  sha256: 074d2f0b31f0333b7e553042b17ea54714b74263f8adda9a68a4bd8c7e219971
  md5: 2921c34715e74b3587b4cff4d36844f9
  constrains:
  - python 3.10.* *_cpython
  license: BSD-3-Clause
  license_family: BSD
  size: 6227
  timestamp: 1723823165457
- conda: https://conda.anaconda.org/conda-forge/linux-64/rhash-1.4.5-hb9d3cd8_0.conda
  sha256: 04677caac29ec64a5d41d0cca8dbec5f60fa166d5458ff5a4393e4dc08a4799e
  md5: 9af0e7981755f09c81421946c4bcea04
  depends:
  - __glibc >=2.17,<3.0.a0
  - libgcc >=13
  license: MIT
  license_family: MIT
  size: 186921
  timestamp: 1728886721623
- conda: https://conda.anaconda.org/conda-forge/linux-64/tar-1.34-hb2e2bae_1.tar.bz2
  sha256: 469b04c8f5ed59b8765cc501b593903ca831e604a59f40d6578a3326b082a946
  md5: 55aeaa9caf9a1cfd1a8cd3ad4e7885ea
  depends:
  - libgcc-ng >=12
  - libiconv >=1.17,<2.0a0
  license: GPL-3.0-or-later
  license_family: GPL
  size: 914685
  timestamp: 1666629652927
- conda: https://conda.anaconda.org/conda-forge/linux-64/unzip-6.0-h7f98852_3.tar.bz2
  sha256: 29ce83db159a99eaeb816a9833481aa0eb495c6f69772e779d86ea2924bb5f06
  md5: 7cb7109505433a5abbf68bb34b31edac
  depends:
  - libgcc-ng >=9.4.0
  license: LicenseRef-BSD-like
  size: 169143
  timestamp: 1643809621661
- conda: https://conda.anaconda.org/conda-forge/linux-64/vcpkg-2023.04.15-ha770c72_2.conda
  sha256: 241bc06eb7d9cbf208eff1ac4c3f126b8c6f5081c11e15c5f64b63ccb281cf5f
  md5: e3da639d7ec0ce696454e66a8fdf97d3
  depends:
  - python_abi 3.10.* *_cp310
  - vcpkg-tool
  license: MIT
  license_family: MIT
  size: 3349046
  timestamp: 1686298684258
- conda: https://conda.anaconda.org/conda-forge/linux-64/vcpkg-tool-2023.03.14-hcb278e6_0.conda
  sha256: 540afa9a6b8fa09937828a53d4b977b79ce6e2d24483d32236392a74bdc5ac28
  md5: b0ba8c334ebf5936932c6776dff98dca
  depends:
  - cmake
  - curl
  - git
  - libgcc-ng >=12
  - libstdcxx-ng >=12
  - ninja
  - tar
  - unzip
  constrains:
  - vcpkg >2020.11
  license: MIT
  license_family: MIT
  size: 1716374
  timestamp: 1679380870325
- conda: https://conda.anaconda.org/conda-forge/linux-64/xz-5.6.3-hbcc6ac9_1.conda
  sha256: 9cef529dcff25222427c9d90b9fc376888a59e138794b4336bbcd3331a5eea22
  md5: 62aae173382a8aae284726353c6a6a24
  depends:
  - __glibc >=2.17,<3.0.a0
  - libgcc >=13
  - liblzma 5.6.3 hb9d3cd8_1
  - liblzma-devel 5.6.3 hb9d3cd8_1
  - xz-gpl-tools 5.6.3 hbcc6ac9_1
  - xz-tools 5.6.3 hb9d3cd8_1
  license: 0BSD AND LGPL-2.1-or-later AND GPL-2.0-or-later
  size: 23477
  timestamp: 1733407455801
- conda: https://conda.anaconda.org/conda-forge/linux-64/xz-gpl-tools-5.6.3-hbcc6ac9_1.conda
  sha256: 4e104b7c75c2f26a96032a1c6cda51430da1dea318c74f9e3568902b2f5030e1
  md5: f529917bab7862aaad6867bf2ea47a99
  depends:
  - __glibc >=2.17,<3.0.a0
  - libgcc >=13
  - liblzma 5.6.3 hb9d3cd8_1
  license: 0BSD AND LGPL-2.1-or-later AND GPL-2.0-or-later
  size: 33354
  timestamp: 1733407444641
- conda: https://conda.anaconda.org/conda-forge/linux-64/xz-tools-5.6.3-hb9d3cd8_1.conda
  sha256: 6e80f838096345c35e8755b827814c083dd0274594006d6f76bff71bc969c3b8
  md5: de3f31a6eed01bc2b8c7dcad07ad9034
  depends:
  - __glibc >=2.17,<3.0.a0
  - libgcc >=13
  - liblzma 5.6.3 hb9d3cd8_1
  license: 0BSD AND LGPL-2.1-or-later
  size: 90354
  timestamp: 1733407433418
- conda: https://conda.anaconda.org/conda-forge/linux-64/zstd-1.5.6-ha6fb4c9_0.conda
  sha256: c558b9cc01d9c1444031bd1ce4b9cff86f9085765f17627a6cd85fc623c8a02b
  md5: 4d056880988120e29d75bfff282e0f45
  depends:
  - libgcc-ng >=12
  - libstdcxx-ng >=12
  - libzlib >=1.2.13,<2.0.0a0
  license: BSD-3-Clause
  license_family: BSD
  size: 554846
  timestamp: 1714722996770
